// !$*UTF8*$!
{
	archiveVersion = 1;
	classes = {
	};
	objectVersion = 77;
	objects = {

/* Begin PBXContainerItemProxy section */
		91C305622E29566000E4DA0A /* PBXContainerItemProxy */ = {
			isa = PBXContainerItemProxy;
			containerPortal = 91C3054B2E29565F00E4DA0A /* Project object */;
			proxyType = 1;
			remoteGlobalIDString = 91C305522E29565F00E4DA0A;
			remoteInfo = "Touch Dock";
		};
		91C3056C2E29566000E4DA0A /* PBXContainerItemProxy */ = {
			isa = PBXContainerItemProxy;
			containerPortal = 91C3054B2E29565F00E4DA0A /* Project object */;
			proxyType = 1;
			remoteGlobalIDString = 91C305522E29565F00E4DA0A;
			remoteInfo = "Touch Dock";
		};
/* End PBXContainerItemProxy section */

/* Begin PBXFileReference section */
		91C305532E29565F00E4DA0A /* Touch Dock.app */ = {isa = PBXFileReference; explicitFileType = wrapper.application; includeInIndex = 0; path = "Touch Dock.app"; sourceTree = BUILT_PRODUCTS_DIR; };
		91C305612E29566000E4DA0A /* Touch DockTests.xctest */ = {isa = PBXFileReference; explicitFileType = wrapper.cfbundle; includeInIndex = 0; path = "Touch DockTests.xctest"; sourceTree = BUILT_PRODUCTS_DIR; };
		91C3056B2E29566000E4DA0A /* Touch DockUITests.xctest */ = {isa = PBXFileReference; explicitFileType = wrapper.cfbundle; includeInIndex = 0; path = "Touch DockUITests.xctest"; sourceTree = BUILT_PRODUCTS_DIR; };
/* End PBXFileReference section */

/* Begin PBXFileSystemSynchronizedBuildFileExceptionSet section */
		91C305CC2E2AB53D00E4DA0A /* Exceptions for "Touch Dock" folder in "Touch Dock" target */ = {
			isa = PBXFileSystemSynchronizedBuildFileExceptionSet;
			membershipExceptions = (
				Sources/TouchBarWindow.swift,
				Sources/WindowManager.swift,
				Tests/LoggerTests.swift,
				Tests/WindowManagerTests.swift,
			);
			target = 91C305522E29565F00E4DA0A /* Touch Dock */;
		};
		91C305CD2E2AB53D00E4DA0A /* Exceptions for "Touch Dock" folder in "Touch DockTests" target */ = {
			isa = PBXFileSystemSynchronizedBuildFileExceptionSet;
			membershipExceptions = (
				Sources/LayoutEngine.swift,
				Sources/Prefs.swift,
				Sources/Theme.swift,
				Sources/TouchBarWindow.swift,
				Sources/WindowManager.swift,
				Tests/LoggerTests.swift,
				Tests/WindowManagerTests.swift,
			);
			target = 91C305602E29566000E4DA0A /* Touch DockTests */;
		};
/* End PBXFileSystemSynchronizedBuildFileExceptionSet section */

/* Begin PBXFileSystemSynchronizedRootGroup section */
		91C305552E29565F00E4DA0A /* Touch Dock */ = {
			isa = PBXFileSystemSynchronizedRootGroup;
			exceptions = (
				91C305CC2E2AB53D00E4DA0A /* Exceptions for "Touch Dock" folder in "Touch Dock" target */,
				91C305CD2E2AB53D00E4DA0A /* Exceptions for "Touch Dock" folder in "Touch DockTests" target */,
			);
			path = "Touch Dock";
			sourceTree = "<group>";
		};
		91C305642E29566000E4DA0A /* Touch DockTests */ = {
			isa = PBXFileSystemSynchronizedRootGroup;
			path = "Touch DockTests";
			sourceTree = "<group>";
		};
		91C3056E2E29566000E4DA0A /* Touch DockUITests */ = {
			isa = PBXFileSystemSynchronizedRootGroup;
			path = "Touch DockUITests";
			sourceTree = "<group>";
		};
/* End PBXFileSystemSynchronizedRootGroup section */

/* Begin PBXFrameworksBuildPhase section */
		91C305502E29565F00E4DA0A /* Frameworks */ = {
			isa = PBXFrameworksBuildPhase;
			buildActionMask = 2147483647;
			files = (
			);
			runOnlyForDeploymentPostprocessing = 0;
		};
		91C3055E2E29566000E4DA0A /* Frameworks */ = {
			isa = PBXFrameworksBuildPhase;
			buildActionMask = 2147483647;
			files = (
			);
			runOnlyForDeploymentPostprocessing = 0;
		};
		91C305682E29566000E4DA0A /* Frameworks */ = {
			isa = PBXFrameworksBuildPhase;
			buildActionMask = 2147483647;
			files = (
			);
			runOnlyForDeploymentPostprocessing = 0;
		};
/* End PBXFrameworksBuildPhase section */

/* Begin PBXGroup section */
		91C3054A2E29565F00E4DA0A = {
			isa = PBXGroup;
			children = (
				91C305552E29565F00E4DA0A /* Touch Dock */,
				91C305642E29566000E4DA0A /* Touch DockTests */,
				91C3056E2E29566000E4DA0A /* Touch DockUITests */,
				91C305542E29565F00E4DA0A /* Products */,
			);
			sourceTree = "<group>";
		};
		91C305542E29565F00E4DA0A /* Products */ = {
			isa = PBXGroup;
			children = (
				91C305532E29565F00E4DA0A /* Touch Dock.app */,
				91C305612E29566000E4DA0A /* Touch DockTests.xctest */,
				91C3056B2E29566000E4DA0A /* Touch DockUITests.xctest */,
			);
			name = Products;
			sourceTree = "<group>";
		};
/* End PBXGroup section */

/* Begin PBXNativeTarget section */
		91C305522E29565F00E4DA0A /* Touch Dock */ = {
			isa = PBXNativeTarget;
			buildConfigurationList = 91C305752E29566000E4DA0A /* Build configuration list for PBXNativeTarget "Touch Dock" */;
			buildPhases = (
				91C3054F2E29565F00E4DA0A /* Sources */,
				91C305502E29565F00E4DA0A /* Frameworks */,
				91C305512E29565F00E4DA0A /* Resources */,
			);
			buildRules = (
			);
			dependencies = (
			);
			fileSystemSynchronizedGroups = (
				91C305552E29565F00E4DA0A /* Touch Dock */,
			);
			name = "Touch Dock";
			packageProductDependencies = (
			);
			productName = "Touch Dock";
			productReference = 91C305532E29565F00E4DA0A /* Touch Dock.app */;
			productType = "com.apple.product-type.application";
		};
		91C305602E29566000E4DA0A /* Touch DockTests */ = {
			isa = PBXNativeTarget;
			buildConfigurationList = 91C305782E29566000E4DA0A /* Build configuration list for PBXNativeTarget "Touch DockTests" */;
			buildPhases = (
				91C3055D2E29566000E4DA0A /* Sources */,
				91C3055E2E29566000E4DA0A /* Frameworks */,
				91C3055F2E29566000E4DA0A /* Resources */,
			);
			buildRules = (
			);
			dependencies = (
				91C305632E29566000E4DA0A /* PBXTargetDependency */,
			);
			fileSystemSynchronizedGroups = (
				91C305642E29566000E4DA0A /* Touch DockTests */,
			);
			name = "Touch DockTests";
			packageProductDependencies = (
			);
			productName = "Touch DockTests";
			productReference = 91C305612E29566000E4DA0A /* Touch DockTests.xctest */;
			productType = "com.apple.product-type.bundle.unit-test";
		};
		91C3056A2E29566000E4DA0A /* Touch DockUITests */ = {
			isa = PBXNativeTarget;
			buildConfigurationList = 91C3057B2E29566000E4DA0A /* Build configuration list for PBXNativeTarget "Touch DockUITests" */;
			buildPhases = (
				91C305672E29566000E4DA0A /* Sources */,
				91C305682E29566000E4DA0A /* Frameworks */,
				91C305692E29566000E4DA0A /* Resources */,
			);
			buildRules = (
			);
			dependencies = (
				91C3056D2E29566000E4DA0A /* PBXTargetDependency */,
			);
			fileSystemSynchronizedGroups = (
				91C3056E2E29566000E4DA0A /* Touch DockUITests */,
			);
			name = "Touch DockUITests";
			packageProductDependencies = (
			);
			productName = "Touch DockUITests";
			productReference = 91C3056B2E29566000E4DA0A /* Touch DockUITests.xctest */;
			productType = "com.apple.product-type.bundle.ui-testing";
		};
/* End PBXNativeTarget section */

/* Begin PBXProject section */
		91C3054B2E29565F00E4DA0A /* Project object */ = {
			isa = PBXProject;
			attributes = {
				BuildIndependentTargetsInParallel = 1;
				LastSwiftUpdateCheck = 1640;
				LastUpgradeCheck = 1640;
				TargetAttributes = {
					91C305522E29565F00E4DA0A = {
						CreatedOnToolsVersion = 16.4;
					};
					91C305602E29566000E4DA0A = {
						CreatedOnToolsVersion = 16.4;
						TestTargetID = 91C305522E29565F00E4DA0A;
					};
					91C3056A2E29566000E4DA0A = {
						CreatedOnToolsVersion = 16.4;
						TestTargetID = 91C305522E29565F00E4DA0A;
					};
				};
			};
			buildConfigurationList = 91C3054E2E29565F00E4DA0A /* Build configuration list for PBXProject "Touch Dock" */;
			developmentRegion = en;
			hasScannedForEncodings = 0;
			knownRegions = (
				en,
				Base,
				ja,
			);
			mainGroup = 91C3054A2E29565F00E4DA0A;
			minimizedProjectReferenceProxies = 1;
			preferredProjectObjectVersion = 77;
			productRefGroup = 91C305542E29565F00E4DA0A /* Products */;
			projectDirPath = "";
			projectRoot = "";
			targets = (
				91C305522E29565F00E4DA0A /* Touch Dock */,
				91C305602E29566000E4DA0A /* Touch DockTests */,
				91C3056A2E29566000E4DA0A /* Touch DockUITests */,
			);
		};
/* End PBXProject section */

/* Begin PBXResourcesBuildPhase section */
		91C305512E29565F00E4DA0A /* Resources */ = {
			isa = PBXResourcesBuildPhase;
			buildActionMask = 2147483647;
			files = (
			);
			runOnlyForDeploymentPostprocessing = 0;
		};
		91C3055F2E29566000E4DA0A /* Resources */ = {
			isa = PBXResourcesBuildPhase;
			buildActionMask = 2147483647;
			files = (
			);
			runOnlyForDeploymentPostprocessing = 0;
		};
		91C305692E29566000E4DA0A /* Resources */ = {
			isa = PBXResourcesBuildPhase;
			buildActionMask = 2147483647;
			files = (
			);
			runOnlyForDeploymentPostprocessing = 0;
		};
/* End PBXResourcesBuildPhase section */

/* Begin PBXSourcesBuildPhase section */
		91C3054F2E29565F00E4DA0A /* Sources */ = {
			isa = PBXSourcesBuildPhase;
			buildActionMask = 2147483647;
			files = (
			);
			runOnlyForDeploymentPostprocessing = 0;
		};
		91C3055D2E29566000E4DA0A /* Sources */ = {
			isa = PBXSourcesBuildPhase;
			buildActionMask = 2147483647;
			files = (
			);
			runOnlyForDeploymentPostprocessing = 0;
		};
		91C305672E29566000E4DA0A /* Sources */ = {
			isa = PBXSourcesBuildPhase;
			buildActionMask = 2147483647;
			files = (
			);
			runOnlyForDeploymentPostprocessing = 0;
		};
/* End PBXSourcesBuildPhase section */

/* Begin PBXTargetDependency section */
		91C305632E29566000E4DA0A /* PBXTargetDependency */ = {
			isa = PBXTargetDependency;
			target = 91C305522E29565F00E4DA0A /* Touch Dock */;
			targetProxy = 91C305622E29566000E4DA0A /* PBXContainerItemProxy */;
		};
		91C3056D2E29566000E4DA0A /* PBXTargetDependency */ = {
			isa = PBXTargetDependency;
			target = 91C305522E29565F00E4DA0A /* Touch Dock */;
			targetProxy = 91C3056C2E29566000E4DA0A /* PBXContainerItemProxy */;
		};
/* End PBXTargetDependency section */

/* Begin XCBuildConfiguration section */
		91C305732E29566000E4DA0A /* Debug */ = {
			isa = XCBuildConfiguration;
			buildSettings = {
				ALWAYS_SEARCH_USER_PATHS = NO;
				ASSETCATALOG_COMPILER_GENERATE_SWIFT_ASSET_SYMBOL_EXTENSIONS = YES;
				CLANG_ANALYZER_NONNULL = YES;
				CLANG_ANALYZER_NUMBER_OBJECT_CONVERSION = YES_AGGRESSIVE;
				CLANG_CXX_LANGUAGE_STANDARD = "gnu++20";
				CLANG_ENABLE_MODULES = YES;
				CLANG_ENABLE_OBJC_ARC = YES;
				CLANG_ENABLE_OBJC_WEAK = YES;
				CLANG_WARN_BLOCK_CAPTURE_AUTORELEASING = YES;
				CLANG_WARN_BOOL_CONVERSION = YES;
				CLANG_WARN_COMMA = YES;
				CLANG_WARN_CONSTANT_CONVERSION = YES;
				CLANG_WARN_DEPRECATED_OBJC_IMPLEMENTATIONS = YES;
				CLANG_WARN_DIRECT_OBJC_ISA_USAGE = YES_ERROR;
				CLANG_WARN_DOCUMENTATION_COMMENTS = YES;
				CLANG_WARN_EMPTY_BODY = YES;
				CLANG_WARN_ENUM_CONVERSION = YES;
				CLANG_WARN_INFINITE_RECURSION = YES;
				CLANG_WARN_INT_CONVERSION = YES;
				CLANG_WARN_NON_LITERAL_NULL_CONVERSION = YES;
				CLANG_WARN_OBJC_IMPLICIT_RETAIN_SELF = YES;
				CLANG_WARN_OBJC_LITERAL_CONVERSION = YES;
				CLANG_WARN_OBJC_ROOT_CLASS = YES_ERROR;
				CLANG_WARN_QUOTED_INCLUDE_IN_FRAMEWORK_HEADER = YES;
				CLANG_WARN_RANGE_LOOP_ANALYSIS = YES;
				CLANG_WARN_STRICT_PROTOTYPES = YES;
				CLANG_WARN_SUSPICIOUS_MOVE = YES;
				CLANG_WARN_UNGUARDED_AVAILABILITY = YES_AGGRESSIVE;
				CLANG_WARN_UNREACHABLE_CODE = YES;
				CLANG_WARN__DUPLICATE_METHOD_MATCH = YES;
				COPY_PHASE_STRIP = NO;
				DEBUG_INFORMATION_FORMAT = dwarf;
				ENABLE_STRICT_OBJC_MSGSEND = YES;
				ENABLE_TESTABILITY = YES;
				ENABLE_USER_SCRIPT_SANDBOXING = YES;
				GCC_C_LANGUAGE_STANDARD = gnu17;
				GCC_DYNAMIC_NO_PIC = NO;
				GCC_NO_COMMON_BLOCKS = YES;
				GCC_OPTIMIZATION_LEVEL = 0;
				GCC_PREPROCESSOR_DEFINITIONS = (
					"DEBUG=1",
					"$(inherited)",
				);
				GCC_WARN_64_TO_32_BIT_CONVERSION = YES;
				GCC_WARN_ABOUT_RETURN_TYPE = YES_ERROR;
				GCC_WARN_UNDECLARED_SELECTOR = YES;
				GCC_WARN_UNINITIALIZED_AUTOS = YES_AGGRESSIVE;
				GCC_WARN_UNUSED_FUNCTION = YES;
				GCC_WARN_UNUSED_VARIABLE = YES;
				LOCALIZATION_PREFERS_STRING_CATALOGS = YES;
				MACOSX_DEPLOYMENT_TARGET = 15.5;
				MTL_ENABLE_DEBUG_INFO = INCLUDE_SOURCE;
				MTL_FAST_MATH = YES;
				ONLY_ACTIVE_ARCH = YES;
				SDKROOT = macosx;
				SWIFT_ACTIVE_COMPILATION_CONDITIONS = "DEBUG $(inherited)";
				SWIFT_OPTIMIZATION_LEVEL = "-Onone";
			};
			name = Debug;
		};
		91C305742E29566000E4DA0A /* Release */ = {
			isa = XCBuildConfiguration;
			buildSettings = {
				ALWAYS_SEARCH_USER_PATHS = NO;
				ASSETCATALOG_COMPILER_GENERATE_SWIFT_ASSET_SYMBOL_EXTENSIONS = YES;
				CLANG_ANALYZER_NONNULL = YES;
				CLANG_ANALYZER_NUMBER_OBJECT_CONVERSION = YES_AGGRESSIVE;
				CLANG_CXX_LANGUAGE_STANDARD = "gnu++20";
				CLANG_ENABLE_MODULES = YES;
				CLANG_ENABLE_OBJC_ARC = YES;
				CLANG_ENABLE_OBJC_WEAK = YES;
				CLANG_WARN_BLOCK_CAPTURE_AUTORELEASING = YES;
				CLANG_WARN_BOOL_CONVERSION = YES;
				CLANG_WARN_COMMA = YES;
				CLANG_WARN_CONSTANT_CONVERSION = YES;
				CLANG_WARN_DEPRECATED_OBJC_IMPLEMENTATIONS = YES;
				CLANG_WARN_DIRECT_OBJC_ISA_USAGE = YES_ERROR;
				CLANG_WARN_DOCUMENTATION_COMMENTS = YES;
				CLANG_WARN_EMPTY_BODY = YES;
				CLANG_WARN_ENUM_CONVERSION = YES;
				CLANG_WARN_INFINITE_RECURSION = YES;
				CLANG_WARN_INT_CONVERSION = YES;
				CLANG_WARN_NON_LITERAL_NULL_CONVERSION = YES;
				CLANG_WARN_OBJC_IMPLICIT_RETAIN_SELF = YES;
				CLANG_WARN_OBJC_LITERAL_CONVERSION = YES;
				CLANG_WARN_OBJC_ROOT_CLASS = YES_ERROR;
				CLANG_WARN_QUOTED_INCLUDE_IN_FRAMEWORK_HEADER = YES;
				CLANG_WARN_RANGE_LOOP_ANALYSIS = YES;
				CLANG_WARN_STRICT_PROTOTYPES = YES;
				CLANG_WARN_SUSPICIOUS_MOVE = YES;
				CLANG_WARN_UNGUARDED_AVAILABILITY = YES_AGGRESSIVE;
				CLANG_WARN_UNREACHABLE_CODE = YES;
				CLANG_WARN__DUPLICATE_METHOD_MATCH = YES;
				COPY_PHASE_STRIP = NO;
				DEBUG_INFORMATION_FORMAT = "dwarf-with-dsym";
				ENABLE_NS_ASSERTIONS = NO;
				ENABLE_STRICT_OBJC_MSGSEND = YES;
				ENABLE_USER_SCRIPT_SANDBOXING = YES;
				GCC_C_LANGUAGE_STANDARD = gnu17;
				GCC_NO_COMMON_BLOCKS = YES;
				GCC_WARN_64_TO_32_BIT_CONVERSION = YES;
				GCC_WARN_ABOUT_RETURN_TYPE = YES_ERROR;
				GCC_WARN_UNDECLARED_SELECTOR = YES;
				GCC_WARN_UNINITIALIZED_AUTOS = YES_AGGRESSIVE;
				GCC_WARN_UNUSED_FUNCTION = YES;
				GCC_WARN_UNUSED_VARIABLE = YES;
				LOCALIZATION_PREFERS_STRING_CATALOGS = YES;
				MACOSX_DEPLOYMENT_TARGET = 15.5;
				MTL_ENABLE_DEBUG_INFO = NO;
				MTL_FAST_MATH = YES;
				SDKROOT = macosx;
				SWIFT_COMPILATION_MODE = wholemodule;
			};
			name = Release;
		};
		91C305762E29566000E4DA0A /* Debug */ = {
			isa = XCBuildConfiguration;
			buildSettings = {
				ASSETCATALOG_COMPILER_APPICON_NAME = AppIcon;
				ASSETCATALOG_COMPILER_GLOBAL_ACCENT_COLOR_NAME = AccentColor;
				CODE_SIGN_ENTITLEMENTS = "Touch Dock/Touch_Dock.entitlements";
				CODE_SIGN_STYLE = Automatic;
				COMBINE_HIDPI_IMAGES = YES;
				CURRENT_PROJECT_VERSION = 1;
				ENABLE_PREVIEWS = YES;
				GENERATE_INFOPLIST_FILE = YES;
				INFOPLIST_KEY_NSHumanReadableCopyright = "";
				LD_RUNPATH_SEARCH_PATHS = (
					"$(inherited)",
					"@executable_path/../Frameworks",
				);
				MARKETING_VERSION = 1.0;
				PRODUCT_BUNDLE_IDENTIFIER = "Video-Seek-Slider.Touch-Dock";
				PRODUCT_NAME = "$(TARGET_NAME)";
				REGISTER_APP_GROUPS = YES;
				SWIFT_EMIT_LOC_STRINGS = YES;
				SWIFT_VERSION = 5.0;
			};
			name = Debug;
		};
		91C305772E29566000E4DA0A /* Release */ = {
			isa = XCBuildConfiguration;
			buildSettings = {
				ASSETCATALOG_COMPILER_APPICON_NAME = AppIcon;
				ASSETCATALOG_COMPILER_GLOBAL_ACCENT_COLOR_NAME = AccentColor;
				CODE_SIGN_ENTITLEMENTS = "Touch Dock/Touch_Dock.entitlements";
				CODE_SIGN_STYLE = Automatic;
				COMBINE_HIDPI_IMAGES = YES;
				CURRENT_PROJECT_VERSION = 1;
				ENABLE_PREVIEWS = YES;
				GENERATE_INFOPLIST_FILE = YES;
				INFOPLIST_KEY_NSHumanReadableCopyright = "";
				LD_RUNPATH_SEARCH_PATHS = (
					"$(inherited)",
					"@executable_path/../Frameworks",
				);
				MARKETING_VERSION = 1.0;
				PRODUCT_BUNDLE_IDENTIFIER = "Video-Seek-Slider.Touch-Dock";
				PRODUCT_NAME = "$(TARGET_NAME)";
				REGISTER_APP_GROUPS = YES;
				SWIFT_EMIT_LOC_STRINGS = YES;
				SWIFT_VERSION = 5.0;
			};
			name = Release;
		};
		91C305792E29566000E4DA0A /* Debug */ = {
			isa = XCBuildConfiguration;
			buildSettings = {
				BUNDLE_LOADER = "$(TEST_HOST)";
				CODE_SIGN_STYLE = Automatic;
				CURRENT_PROJECT_VERSION = 1;
				GENERATE_INFOPLIST_FILE = YES;
				MACOSX_DEPLOYMENT_TARGET = 15.5;
				MARKETING_VERSION = 1.0;
				PRODUCT_BUNDLE_IDENTIFIER = "Video-Seek-Slider.Touch-DockTests";
				PRODUCT_NAME = "$(TARGET_NAME)";
				SWIFT_EMIT_LOC_STRINGS = NO;
				SWIFT_VERSION = 5.0;
				TEST_HOST = "$(BUILT_PRODUCTS_DIR)/Touch Dock.app/$(BUNDLE_EXECUTABLE_FOLDER_PATH)/Touch Dock";
			};
			name = Debug;
		};
		91C3057A2E29566000E4DA0A /* Release */ = {
			isa = XCBuildConfiguration;
			buildSettings = {
				BUNDLE_LOADER = "$(TEST_HOST)";
				CODE_SIGN_STYLE = Automatic;
				CURRENT_PROJECT_VERSION = 1;
				GENERATE_INFOPLIST_FILE = YES;
				MACOSX_DEPLOYMENT_TARGET = 15.5;
				MARKETING_VERSION = 1.0;
				PRODUCT_BUNDLE_IDENTIFIER = "Video-Seek-Slider.Touch-DockTests";
				PRODUCT_NAME = "$(TARGET_NAME)";
				SWIFT_EMIT_LOC_STRINGS = NO;
				SWIFT_VERSION = 5.0;
				TEST_HOST = "$(BUILT_PRODUCTS_DIR)/Touch Dock.app/$(BUNDLE_EXECUTABLE_FOLDER_PATH)/Touch Dock";
			};
			name = Release;
		};
		91C3057C2E29566000E4DA0A /* Debug */ = {
			isa = XCBuildConfiguration;
			buildSettings = {
				CODE_SIGN_STYLE = Automatic;
				CURRENT_PROJECT_VERSION = 1;
				GENERATE_INFOPLIST_FILE = YES;
				MARKETING_VERSION = 1.0;
				PRODUCT_BUNDLE_IDENTIFIER = "Video-Seek-Slider.Touch-DockUITests";
				PRODUCT_NAME = "$(TARGET_NAME)";
				SWIFT_EMIT_LOC_STRINGS = NO;
				SWIFT_VERSION = 5.0;
				TEST_TARGET_NAME = "Touch Dock";
			};
			name = Debug;
		};
		91C3057D2E29566000E4DA0A /* Release */ = {
			isa = XCBuildConfiguration;
			buildSettings = {
				CODE_SIGN_STYLE = Automatic;
				CURRENT_PROJECT_VERSION = 1;
				GENERATE_INFOPLIST_FILE = YES;
				MARKETING_VERSION = 1.0;
				PRODUCT_BUNDLE_IDENTIFIER = "Video-Seek-Slider.Touch-DockUITests";
				PRODUCT_NAME = "$(TARGET_NAME)";
				SWIFT_EMIT_LOC_STRINGS = NO;
				SWIFT_VERSION = 5.0;
				TEST_TARGET_NAME = "Touch Dock";
			};
			name = Release;
		};
/* End XCBuildConfiguration section */

/* Begin XCConfigurationList section */
		91C3054E2E29565F00E4DA0A /* Build configuration list for PBXProject "Touch Dock" */ = {
			isa = XCConfigurationList;
			buildConfigurations = (
				91C305732E29566000E4DA0A /* Debug */,
				91C305742E29566000E4DA0A /* Release */,
			);
			defaultConfigurationIsVisible = 0;
			defaultConfigurationName = Release;
		};
		91C305752E29566000E4DA0A /* Build configuration list for PBXNativeTarget "Touch Dock" */ = {
			isa = XCConfigurationList;
			buildConfigurations = (
				91C305762E29566000E4DA0A /* Debug */,
				91C305772E29566000E4DA0A /* Release */,
			);
			defaultConfigurationIsVisible = 0;
			defaultConfigurationName = Release;
		};
		91C305782E29566000E4DA0A /* Build configuration list for PBXNativeTarget "Touch DockTests" */ = {
			isa = XCConfigurationList;
			buildConfigurations = (
				91C305792E29566000E4DA0A /* Debug */,
				91C3057A2E29566000E4DA0A /* Release */,
			);
			defaultConfigurationIsVisible = 0;
			defaultConfigurationName = Release;
		};
		91C3057B2E29566000E4DA0A /* Build configuration list for PBXNativeTarget "Touch DockUITests" */ = {
			isa = XCConfigurationList;
			buildConfigurations = (
				91C3057C2E29566000E4DA0A /* Debug */,
				91C3057D2E29566000E4DA0A /* Release */,
			);
			defaultConfigurationIsVisible = 0;
			defaultConfigurationName = Release;
		};
/* End XCConfigurationList section */
	};
	rootObject = 91C3054B2E29565F00E4DA0A /* Project object */;
}
